
Microsoft Visual Studio Solution File, Format Version 12.00
# Visual Studio Version 17
VisualStudioVersion = 17.7.34024.191
MinimumVisualStudioVersion = 10.0.40219.1
Project("{FAE04EC0-301F-11D3-BF4B-00C04F79EFBC}") = "Abstracciones", "Abtracciones\Abstracciones.csproj", "{2547D67E-5838-4ABD-BCC7-09A51A8408C2}"
EndProject
Project("{FAE04EC0-301F-11D3-BF4B-00C04F79EFBC}") = "Web", "Web\Web.csproj", "{AA1A1F7A-AD19-419E-81CA-299E8553CB57}"
EndProject
Global
	GlobalSection(SolutionConfigurationPlatforms) = preSolution
		Debug|Any CPU = Debug|Any CPU
		Release|Any CPU = Release|Any CPU
	EndGlobalSection
	GlobalSection(ProjectConfigurationPlatforms) = postSolution
		{2547D67E-5838-4ABD-BCC7-09A51A8408C2}.Debug|Any CPU.ActiveCfg = Debug|Any CPU
		{2547D67E-5838-4ABD-BCC7-09A51A8408C2}.Debug|Any CPU.Build.0 = Debug|Any CPU
		{2547D67E-5838-4ABD-BCC7-09A51A8408C2}.Release|Any CPU.ActiveCfg = Release|Any CPU
		{2547D67E-5838-4ABD-BCC7-09A51A8408C2}.Release|Any CPU.Build.0 = Release|Any CPU
		{AA1A1F7A-AD19-419E-81CA-299E8553CB57}.Debug|Any CPU.ActiveCfg = Debug|Any CPU
		{AA1A1F7A-AD19-419E-81CA-299E8553CB57}.Debug|Any CPU.Build.0 = Debug|Any CPU
		{AA1A1F7A-AD19-419E-81CA-299E8553CB57}.Release|Any CPU.ActiveCfg = Release|Any CPU
		{AA1A1F7A-AD19-419E-81CA-299E8553CB57}.Release|Any CPU.Build.0 = Release|Any CPU
	EndGlobalSection
	GlobalSection(SolutionProperties) = preSolution
		HideSolutionNode = FALSE
	EndGlobalSection
	GlobalSection(ExtensibilityGlobals) = postSolution
		SolutionGuid = {666EAE50-E71E-4F73-B100-930D6A53A774}
	EndGlobalSection
EndGlobal
